
Microsoft Visual Studio Solution File, Format Version 12.00
# Visual Studio 15
VisualStudioVersion = 15.0.28307.1433
MinimumVisualStudioVersion = 10.0.40219.1
Project("{FAE04EC0-301F-11D3-BF4B-00C04F79EFBC}") = "Do_An_So3", "Do_An_So3\Do_An_So3.csproj", "{72D153E2-B274-4AF6-B688-D500597FB761}"
EndProject
Global
	GlobalSection(SolutionConfigurationPlatforms) = preSolution
		Debug|Any CPU = Debug|Any CPU
		Release|Any CPU = Release|Any CPU
	EndGlobalSection
	GlobalSection(ProjectConfigurationPlatforms) = postSolution
		{72D153E2-B274-4AF6-B688-D500597FB761}.Debug|Any CPU.ActiveCfg = Debug|Any CPU
		{72D153E2-B274-4AF6-B688-D500597FB761}.Debug|Any CPU.Build.0 = Debug|Any CPU
		{72D153E2-B274-4AF6-B688-D500597FB761}.Release|Any CPU.ActiveCfg = Release|Any CPU
		{72D153E2-B274-4AF6-B688-D500597FB761}.Release|Any CPU.Build.0 = Release|Any CPU
	EndGlobalSection
	GlobalSection(SolutionProperties) = preSolution
		HideSolutionNode = FALSE
	EndGlobalSection
	GlobalSection(ExtensibilityGlobals) = postSolution
		SolutionGuid = {E5A3C653-DD28-4D7E-856F-FBA0C535823D}
	EndGlobalSection
EndGlobal
